
Microsoft Visual Studio Solution File, Format Version 12.00
# Visual Studio 15
Project("{FAE04EC0-301F-11D3-BF4B-00C04F79EFBC}") = "ExampleMod.Editor", "ExampleMod.Editor.csproj", "{D14ACF0C-12B6-CAEE-45DB-AE1432D3411D}"
EndProject
Project("{FAE04EC0-301F-11D3-BF4B-00C04F79EFBC}") = "ExampleMod.Unity", "ExampleMod.Unity.csproj", "{4340EE1D-BDF6-4634-CDC3-AE61A47164AD}"
EndProject
Global
	GlobalSection(SolutionConfigurationPlatforms) = preSolution
		Debug|Any CPU = Debug|Any CPU
		Release|Any CPU = Release|Any CPU
	EndGlobalSection
	GlobalSection(ProjectConfigurationPlatforms) = postSolution
		{D14ACF0C-12B6-CAEE-45DB-AE1432D3411D}.Debug|Any CPU.ActiveCfg = Debug|Any CPU
		{D14ACF0C-12B6-CAEE-45DB-AE1432D3411D}.Debug|Any CPU.Build.0 = Debug|Any CPU
		{D14ACF0C-12B6-CAEE-45DB-AE1432D3411D}.Release|Any CPU.ActiveCfg = Release|Any CPU
		{D14ACF0C-12B6-CAEE-45DB-AE1432D3411D}.Release|Any CPU.Build.0 = Release|Any CPU
		{4340EE1D-BDF6-4634-CDC3-AE61A47164AD}.Debug|Any CPU.ActiveCfg = Debug|Any CPU
		{4340EE1D-BDF6-4634-CDC3-AE61A47164AD}.Debug|Any CPU.Build.0 = Debug|Any CPU
		{4340EE1D-BDF6-4634-CDC3-AE61A47164AD}.Release|Any CPU.ActiveCfg = Release|Any CPU
		{4340EE1D-BDF6-4634-CDC3-AE61A47164AD}.Release|Any CPU.Build.0 = Release|Any CPU
	EndGlobalSection
	GlobalSection(SolutionProperties) = preSolution
		HideSolutionNode = FALSE
	EndGlobalSection
EndGlobal
